
Microsoft Visual Studio Solution File, Format Version 12.00
# Visual Studio Version 16
VisualStudioVersion = 16.0.29613.14
MinimumVisualStudioVersion = 10.0.40219.1
Project("{9A19103F-16F7-4668-BE54-9A1E7A4F7556}") = "FileManagement.Client", "FileManagement.Client.csproj", "{3E42674D-6617-4F38-8E29-767B7EDAC369}"
EndProject
Project("{9A19103F-16F7-4668-BE54-9A1E7A4F7556}") = "FileManagement.BLL", "..\FileManagement.BLL\FileManagement.BLL.csproj", "{856437AA-ACF1-474C-9B6C-17415AEDF068}"
EndProject
Global
	GlobalSection(SolutionConfigurationPlatforms) = preSolution
		Debug|Any CPU = Debug|Any CPU
		Release|Any CPU = Release|Any CPU
	EndGlobalSection
	GlobalSection(ProjectConfigurationPlatforms) = postSolution
		{3E42674D-6617-4F38-8E29-767B7EDAC369}.Debug|Any CPU.ActiveCfg = Debug|Any CPU
		{3E42674D-6617-4F38-8E29-767B7EDAC369}.Debug|Any CPU.Build.0 = Debug|Any CPU
		{3E42674D-6617-4F38-8E29-767B7EDAC369}.Release|Any CPU.ActiveCfg = Release|Any CPU
		{3E42674D-6617-4F38-8E29-767B7EDAC369}.Release|Any CPU.Build.0 = Release|Any CPU
		{856437AA-ACF1-474C-9B6C-17415AEDF068}.Debug|Any CPU.ActiveCfg = Debug|Any CPU
		{856437AA-ACF1-474C-9B6C-17415AEDF068}.Debug|Any CPU.Build.0 = Debug|Any CPU
		{856437AA-ACF1-474C-9B6C-17415AEDF068}.Release|Any CPU.ActiveCfg = Release|Any CPU
		{856437AA-ACF1-474C-9B6C-17415AEDF068}.Release|Any CPU.Build.0 = Release|Any CPU
	EndGlobalSection
	GlobalSection(SolutionProperties) = preSolution
		HideSolutionNode = FALSE
	EndGlobalSection
	GlobalSection(ExtensibilityGlobals) = postSolution
		SolutionGuid = {2BCF9546-A102-4B77-8DEF-93B513528804}
	EndGlobalSection
EndGlobal
